
Microsoft Visual Studio Solution File, Format Version 12.00
# Visual Studio 14
VisualStudioVersion = 14.0.25420.1
MinimumVisualStudioVersion = 10.0.40219.1
Project("{FAE04EC0-301F-11D3-BF4B-00C04F79EFBC}") = "FinalTask.Domain", "FinalTask.Domain\FinalTask.Domain.csproj", "{6DD24FFB-472A-4409-BAF2-EC495D68D409}"
EndProject
Project("{FAE04EC0-301F-11D3-BF4B-00C04F79EFBC}") = "FinalTask.WebUI", "FinalTask.WebUI\FinalTask.WebUI.csproj", "{86768D78-AC90-4E11-823A-D45A6D9E2E40}"
EndProject
Project("{FAE04EC0-301F-11D3-BF4B-00C04F79EFBC}") = "FinalTask.Tests", "FinalTask.Tests\FinalTask.Tests.csproj", "{92F8B7F1-6249-42AC-B7A4-A579A8121165}"
EndProject
Global
	GlobalSection(SolutionConfigurationPlatforms) = preSolution
		Debug|Any CPU = Debug|Any CPU
		Release|Any CPU = Release|Any CPU
	EndGlobalSection
	GlobalSection(ProjectConfigurationPlatforms) = postSolution
		{6DD24FFB-472A-4409-BAF2-EC495D68D409}.Debug|Any CPU.ActiveCfg = Debug|Any CPU
		{6DD24FFB-472A-4409-BAF2-EC495D68D409}.Debug|Any CPU.Build.0 = Debug|Any CPU
		{6DD24FFB-472A-4409-BAF2-EC495D68D409}.Release|Any CPU.ActiveCfg = Release|Any CPU
		{6DD24FFB-472A-4409-BAF2-EC495D68D409}.Release|Any CPU.Build.0 = Release|Any CPU
		{86768D78-AC90-4E11-823A-D45A6D9E2E40}.Debug|Any CPU.ActiveCfg = Debug|Any CPU
		{86768D78-AC90-4E11-823A-D45A6D9E2E40}.Debug|Any CPU.Build.0 = Debug|Any CPU
		{86768D78-AC90-4E11-823A-D45A6D9E2E40}.Release|Any CPU.ActiveCfg = Release|Any CPU
		{86768D78-AC90-4E11-823A-D45A6D9E2E40}.Release|Any CPU.Build.0 = Release|Any CPU
		{92F8B7F1-6249-42AC-B7A4-A579A8121165}.Debug|Any CPU.ActiveCfg = Debug|Any CPU
		{92F8B7F1-6249-42AC-B7A4-A579A8121165}.Debug|Any CPU.Build.0 = Debug|Any CPU
		{92F8B7F1-6249-42AC-B7A4-A579A8121165}.Release|Any CPU.ActiveCfg = Release|Any CPU
		{92F8B7F1-6249-42AC-B7A4-A579A8121165}.Release|Any CPU.Build.0 = Release|Any CPU
	EndGlobalSection
	GlobalSection(SolutionProperties) = preSolution
		HideSolutionNode = FALSE
	EndGlobalSection
EndGlobal
